
Microsoft Visual Studio Solution File, Format Version 12.00
Project("{FAE04EC0-301F-11D3-BF4B-00C04F79EFBC}") = "MicBeGone", "MicBeGone\MicBeGone.csproj", "{35740A3F-67D2-4DCC-85B5-0A1CE3900D2A}"
EndProject
Global
	GlobalSection(SolutionConfigurationPlatforms) = preSolution
		Debug|Any CPU = Debug|Any CPU
		Release|Any CPU = Release|Any CPU
	EndGlobalSection
	GlobalSection(ProjectConfigurationPlatforms) = postSolution
		{35740A3F-67D2-4DCC-85B5-0A1CE3900D2A}.Debug|Any CPU.ActiveCfg = Debug|Any CPU
		{35740A3F-67D2-4DCC-85B5-0A1CE3900D2A}.Debug|Any CPU.Build.0 = Debug|Any CPU
		{35740A3F-67D2-4DCC-85B5-0A1CE3900D2A}.Release|Any CPU.ActiveCfg = Release|Any CPU
		{35740A3F-67D2-4DCC-85B5-0A1CE3900D2A}.Release|Any CPU.Build.0 = Release|Any CPU
	EndGlobalSection
EndGlobal
